
Microsoft Visual Studio Solution File, Format Version 12.00
# Visual Studio Version 16
VisualStudioVersion = 16.0.29123.88
MinimumVisualStudioVersion = 10.0.40219.1
Project("{FAE04EC0-301F-11D3-BF4B-00C04F79EFBC}") = "tesseract.net", "tesseract.net\tesseract.net.csproj", "{3220BAF5-0D9C-4533-B372-1B1C4CF24AFF}"
EndProject
Global
	GlobalSection(SolutionConfigurationPlatforms) = preSolution
		Debug|Any CPU = Debug|Any CPU
		net452|Any CPU = net452|Any CPU
		net462|Any CPU = net462|Any CPU
		net471|Any CPU = net471|Any CPU
		Release|Any CPU = Release|Any CPU
	EndGlobalSection
	GlobalSection(ProjectConfigurationPlatforms) = postSolution
		{3220BAF5-0D9C-4533-B372-1B1C4CF24AFF}.Debug|Any CPU.ActiveCfg = Debug|Any CPU
		{3220BAF5-0D9C-4533-B372-1B1C4CF24AFF}.Debug|Any CPU.Build.0 = Debug|Any CPU
		{3220BAF5-0D9C-4533-B372-1B1C4CF24AFF}.net452|Any CPU.ActiveCfg = Release|Any CPU
		{3220BAF5-0D9C-4533-B372-1B1C4CF24AFF}.net452|Any CPU.Build.0 = Release|Any CPU
		{3220BAF5-0D9C-4533-B372-1B1C4CF24AFF}.net462|Any CPU.ActiveCfg = Release|Any CPU
		{3220BAF5-0D9C-4533-B372-1B1C4CF24AFF}.net462|Any CPU.Build.0 = Release|Any CPU
		{3220BAF5-0D9C-4533-B372-1B1C4CF24AFF}.net471|Any CPU.ActiveCfg = Release|Any CPU
		{3220BAF5-0D9C-4533-B372-1B1C4CF24AFF}.net471|Any CPU.Build.0 = Release|Any CPU
		{3220BAF5-0D9C-4533-B372-1B1C4CF24AFF}.Release|Any CPU.ActiveCfg = Release|Any CPU
		{3220BAF5-0D9C-4533-B372-1B1C4CF24AFF}.Release|Any CPU.Build.0 = Release|Any CPU
	EndGlobalSection
	GlobalSection(SolutionProperties) = preSolution
		HideSolutionNode = FALSE
	EndGlobalSection
	GlobalSection(ExtensibilityGlobals) = postSolution
		SolutionGuid = {53E9A0AB-296C-48BA-8C1B-F3EEE1B81DE4}
	EndGlobalSection
EndGlobal
